
Microsoft Visual Studio Solution File, Format Version 12.00
# Visual Studio Version 16
VisualStudioVersion = 16.0.30114.105
MinimumVisualStudioVersion = 10.0.40219.1
Project("{2150E333-8FDC-42A3-9474-1A3956D46DE8}") = "src", "src", "{FA4225E0-CCC6-4AFC-832B-5C25DE64A822}"
EndProject
Project("{FAE04EC0-301F-11D3-BF4B-00C04F79EFBC}") = "Locadora.WebApp", "src\Locadora.WebApp\Locadora.WebApp.csproj", "{B80FFC42-E83D-4ADF-B8F8-3ED74F1EFFA9}"
EndProject
Project("{FAE04EC0-301F-11D3-BF4B-00C04F79EFBC}") = "Locadora.Domain", "src\Locadora.Domain\Locadora.Domain.csproj", "{3D44669D-9C3F-47FB-B368-25F25374892F}"
EndProject
Project("{FAE04EC0-301F-11D3-BF4B-00C04F79EFBC}") = "Locadora.Infrastructure", "src\Locadora.Infrastructure\Locadora.Infrastructure.csproj", "{2D8F6731-2F86-4332-B38A-56CFFD70EF3B}"
EndProject
Project("{FAE04EC0-301F-11D3-BF4B-00C04F79EFBC}") = "Locadora.Application", "src\Locadora.Application\Locadora.Application.csproj", "{B173E078-5A0B-4FA6-AC6E-061EF7A4650F}"
EndProject
Project("{FAE04EC0-301F-11D3-BF4B-00C04F79EFBC}") = "Locadora.Common", "src\Locadora.Common\Locadora.Common.csproj", "{B2E258B9-337A-4E54-8996-B620ACC0402B}"
EndProject
Project("{FAE04EC0-301F-11D3-BF4B-00C04F79EFBC}") = "Locadora.WebApi", "src\Locadora.WebApi\Locadora.WebApi.csproj", "{DFB39DEE-8A32-4B2E-93C8-03F33A892348}"
EndProject
Global
	GlobalSection(SolutionConfigurationPlatforms) = preSolution
		Debug|Any CPU = Debug|Any CPU
		Debug|x64 = Debug|x64
		Debug|x86 = Debug|x86
		Release|Any CPU = Release|Any CPU
		Release|x64 = Release|x64
		Release|x86 = Release|x86
	EndGlobalSection
	GlobalSection(SolutionProperties) = preSolution
		HideSolutionNode = FALSE
	EndGlobalSection
	GlobalSection(ProjectConfigurationPlatforms) = postSolution
		{B80FFC42-E83D-4ADF-B8F8-3ED74F1EFFA9}.Debug|Any CPU.ActiveCfg = Debug|Any CPU
		{B80FFC42-E83D-4ADF-B8F8-3ED74F1EFFA9}.Debug|Any CPU.Build.0 = Debug|Any CPU
		{B80FFC42-E83D-4ADF-B8F8-3ED74F1EFFA9}.Debug|x64.ActiveCfg = Debug|Any CPU
		{B80FFC42-E83D-4ADF-B8F8-3ED74F1EFFA9}.Debug|x64.Build.0 = Debug|Any CPU
		{B80FFC42-E83D-4ADF-B8F8-3ED74F1EFFA9}.Debug|x86.ActiveCfg = Debug|Any CPU
		{B80FFC42-E83D-4ADF-B8F8-3ED74F1EFFA9}.Debug|x86.Build.0 = Debug|Any CPU
		{B80FFC42-E83D-4ADF-B8F8-3ED74F1EFFA9}.Release|Any CPU.ActiveCfg = Release|Any CPU
		{B80FFC42-E83D-4ADF-B8F8-3ED74F1EFFA9}.Release|Any CPU.Build.0 = Release|Any CPU
		{B80FFC42-E83D-4ADF-B8F8-3ED74F1EFFA9}.Release|x64.ActiveCfg = Release|Any CPU
		{B80FFC42-E83D-4ADF-B8F8-3ED74F1EFFA9}.Release|x64.Build.0 = Release|Any CPU
		{B80FFC42-E83D-4ADF-B8F8-3ED74F1EFFA9}.Release|x86.ActiveCfg = Release|Any CPU
		{B80FFC42-E83D-4ADF-B8F8-3ED74F1EFFA9}.Release|x86.Build.0 = Release|Any CPU
		{3D44669D-9C3F-47FB-B368-25F25374892F}.Debug|Any CPU.ActiveCfg = Debug|Any CPU
		{3D44669D-9C3F-47FB-B368-25F25374892F}.Debug|Any CPU.Build.0 = Debug|Any CPU
		{3D44669D-9C3F-47FB-B368-25F25374892F}.Debug|x64.ActiveCfg = Debug|Any CPU
		{3D44669D-9C3F-47FB-B368-25F25374892F}.Debug|x64.Build.0 = Debug|Any CPU
		{3D44669D-9C3F-47FB-B368-25F25374892F}.Debug|x86.ActiveCfg = Debug|Any CPU
		{3D44669D-9C3F-47FB-B368-25F25374892F}.Debug|x86.Build.0 = Debug|Any CPU
		{3D44669D-9C3F-47FB-B368-25F25374892F}.Release|Any CPU.ActiveCfg = Release|Any CPU
		{3D44669D-9C3F-47FB-B368-25F25374892F}.Release|Any CPU.Build.0 = Release|Any CPU
		{3D44669D-9C3F-47FB-B368-25F25374892F}.Release|x64.ActiveCfg = Release|Any CPU
		{3D44669D-9C3F-47FB-B368-25F25374892F}.Release|x64.Build.0 = Release|Any CPU
		{3D44669D-9C3F-47FB-B368-25F25374892F}.Release|x86.ActiveCfg = Release|Any CPU
		{3D44669D-9C3F-47FB-B368-25F25374892F}.Release|x86.Build.0 = Release|Any CPU
		{2D8F6731-2F86-4332-B38A-56CFFD70EF3B}.Debug|Any CPU.ActiveCfg = Debug|Any CPU
		{2D8F6731-2F86-4332-B38A-56CFFD70EF3B}.Debug|Any CPU.Build.0 = Debug|Any CPU
		{2D8F6731-2F86-4332-B38A-56CFFD70EF3B}.Debug|x64.ActiveCfg = Debug|Any CPU
		{2D8F6731-2F86-4332-B38A-56CFFD70EF3B}.Debug|x64.Build.0 = Debug|Any CPU
		{2D8F6731-2F86-4332-B38A-56CFFD70EF3B}.Debug|x86.ActiveCfg = Debug|Any CPU
		{2D8F6731-2F86-4332-B38A-56CFFD70EF3B}.Debug|x86.Build.0 = Debug|Any CPU
		{2D8F6731-2F86-4332-B38A-56CFFD70EF3B}.Release|Any CPU.ActiveCfg = Release|Any CPU
		{2D8F6731-2F86-4332-B38A-56CFFD70EF3B}.Release|Any CPU.Build.0 = Release|Any CPU
		{2D8F6731-2F86-4332-B38A-56CFFD70EF3B}.Release|x64.ActiveCfg = Release|Any CPU
		{2D8F6731-2F86-4332-B38A-56CFFD70EF3B}.Release|x64.Build.0 = Release|Any CPU
		{2D8F6731-2F86-4332-B38A-56CFFD70EF3B}.Release|x86.ActiveCfg = Release|Any CPU
		{2D8F6731-2F86-4332-B38A-56CFFD70EF3B}.Release|x86.Build.0 = Release|Any CPU
		{B173E078-5A0B-4FA6-AC6E-061EF7A4650F}.Debug|Any CPU.ActiveCfg = Debug|Any CPU
		{B173E078-5A0B-4FA6-AC6E-061EF7A4650F}.Debug|Any CPU.Build.0 = Debug|Any CPU
		{B173E078-5A0B-4FA6-AC6E-061EF7A4650F}.Debug|x64.ActiveCfg = Debug|Any CPU
		{B173E078-5A0B-4FA6-AC6E-061EF7A4650F}.Debug|x64.Build.0 = Debug|Any CPU
		{B173E078-5A0B-4FA6-AC6E-061EF7A4650F}.Debug|x86.ActiveCfg = Debug|Any CPU
		{B173E078-5A0B-4FA6-AC6E-061EF7A4650F}.Debug|x86.Build.0 = Debug|Any CPU
		{B173E078-5A0B-4FA6-AC6E-061EF7A4650F}.Release|Any CPU.ActiveCfg = Release|Any CPU
		{B173E078-5A0B-4FA6-AC6E-061EF7A4650F}.Release|Any CPU.Build.0 = Release|Any CPU
		{B173E078-5A0B-4FA6-AC6E-061EF7A4650F}.Release|x64.ActiveCfg = Release|Any CPU
		{B173E078-5A0B-4FA6-AC6E-061EF7A4650F}.Release|x64.Build.0 = Release|Any CPU
		{B173E078-5A0B-4FA6-AC6E-061EF7A4650F}.Release|x86.ActiveCfg = Release|Any CPU
		{B173E078-5A0B-4FA6-AC6E-061EF7A4650F}.Release|x86.Build.0 = Release|Any CPU
		{B2E258B9-337A-4E54-8996-B620ACC0402B}.Debug|Any CPU.ActiveCfg = Debug|Any CPU
		{B2E258B9-337A-4E54-8996-B620ACC0402B}.Debug|Any CPU.Build.0 = Debug|Any CPU
		{B2E258B9-337A-4E54-8996-B620ACC0402B}.Debug|x64.ActiveCfg = Debug|Any CPU
		{B2E258B9-337A-4E54-8996-B620ACC0402B}.Debug|x64.Build.0 = Debug|Any CPU
		{B2E258B9-337A-4E54-8996-B620ACC0402B}.Debug|x86.ActiveCfg = Debug|Any CPU
		{B2E258B9-337A-4E54-8996-B620ACC0402B}.Debug|x86.Build.0 = Debug|Any CPU
		{B2E258B9-337A-4E54-8996-B620ACC0402B}.Release|Any CPU.ActiveCfg = Release|Any CPU
		{B2E258B9-337A-4E54-8996-B620ACC0402B}.Release|Any CPU.Build.0 = Release|Any CPU
		{B2E258B9-337A-4E54-8996-B620ACC0402B}.Release|x64.ActiveCfg = Release|Any CPU
		{B2E258B9-337A-4E54-8996-B620ACC0402B}.Release|x64.Build.0 = Release|Any CPU
		{B2E258B9-337A-4E54-8996-B620ACC0402B}.Release|x86.ActiveCfg = Release|Any CPU
		{B2E258B9-337A-4E54-8996-B620ACC0402B}.Release|x86.Build.0 = Release|Any CPU
		{DFB39DEE-8A32-4B2E-93C8-03F33A892348}.Debug|Any CPU.ActiveCfg = Debug|Any CPU
		{DFB39DEE-8A32-4B2E-93C8-03F33A892348}.Debug|Any CPU.Build.0 = Debug|Any CPU
		{DFB39DEE-8A32-4B2E-93C8-03F33A892348}.Debug|x64.ActiveCfg = Debug|Any CPU
		{DFB39DEE-8A32-4B2E-93C8-03F33A892348}.Debug|x64.Build.0 = Debug|Any CPU
		{DFB39DEE-8A32-4B2E-93C8-03F33A892348}.Debug|x86.ActiveCfg = Debug|Any CPU
		{DFB39DEE-8A32-4B2E-93C8-03F33A892348}.Debug|x86.Build.0 = Debug|Any CPU
		{DFB39DEE-8A32-4B2E-93C8-03F33A892348}.Release|Any CPU.ActiveCfg = Release|Any CPU
		{DFB39DEE-8A32-4B2E-93C8-03F33A892348}.Release|Any CPU.Build.0 = Release|Any CPU
		{DFB39DEE-8A32-4B2E-93C8-03F33A892348}.Release|x64.ActiveCfg = Release|Any CPU
		{DFB39DEE-8A32-4B2E-93C8-03F33A892348}.Release|x64.Build.0 = Release|Any CPU
		{DFB39DEE-8A32-4B2E-93C8-03F33A892348}.Release|x86.ActiveCfg = Release|Any CPU
		{DFB39DEE-8A32-4B2E-93C8-03F33A892348}.Release|x86.Build.0 = Release|Any CPU
	EndGlobalSection
	GlobalSection(NestedProjects) = preSolution
		{B80FFC42-E83D-4ADF-B8F8-3ED74F1EFFA9} = {FA4225E0-CCC6-4AFC-832B-5C25DE64A822}
		{3D44669D-9C3F-47FB-B368-25F25374892F} = {FA4225E0-CCC6-4AFC-832B-5C25DE64A822}
		{2D8F6731-2F86-4332-B38A-56CFFD70EF3B} = {FA4225E0-CCC6-4AFC-832B-5C25DE64A822}
		{B173E078-5A0B-4FA6-AC6E-061EF7A4650F} = {FA4225E0-CCC6-4AFC-832B-5C25DE64A822}
		{B2E258B9-337A-4E54-8996-B620ACC0402B} = {FA4225E0-CCC6-4AFC-832B-5C25DE64A822}
		{DFB39DEE-8A32-4B2E-93C8-03F33A892348} = {FA4225E0-CCC6-4AFC-832B-5C25DE64A822}
	EndGlobalSection
EndGlobal
